
Microsoft Visual Studio Solution File, Format Version 12.00
# Visual Studio 15
VisualStudioVersion = 15.0.28307.168
MinimumVisualStudioVersion = 10.0.40219.1
Project("{FAE04EC0-301F-11D3-BF4B-00C04F79EFBC}") = "WebApplication1", "WebApplication1\WebApplication1.csproj", "{1A4CECE0-D16B-41B1-B298-4F989C916983}"
EndProject
Global
	GlobalSection(SolutionConfigurationPlatforms) = preSolution
		Debug|Any CPU = Debug|Any CPU
		Release|Any CPU = Release|Any CPU
	EndGlobalSection
	GlobalSection(ProjectConfigurationPlatforms) = postSolution
		{1A4CECE0-D16B-41B1-B298-4F989C916983}.Debug|Any CPU.ActiveCfg = Debug|Any CPU
		{1A4CECE0-D16B-41B1-B298-4F989C916983}.Debug|Any CPU.Build.0 = Debug|Any CPU
		{1A4CECE0-D16B-41B1-B298-4F989C916983}.Release|Any CPU.ActiveCfg = Release|Any CPU
		{1A4CECE0-D16B-41B1-B298-4F989C916983}.Release|Any CPU.Build.0 = Release|Any CPU
	EndGlobalSection
	GlobalSection(SolutionProperties) = preSolution
		HideSolutionNode = FALSE
	EndGlobalSection
	GlobalSection(ExtensibilityGlobals) = postSolution
		SolutionGuid = {C2DADECF-B851-4C55-9FB0-75E6D8A550B4}
	EndGlobalSection
EndGlobal
